
Microsoft Visual Studio Solution File, Format Version 12.00
Project("{FAE04EC0-301F-11D3-BF4B-00C04F79EFBC}") = "RentDynamicsCS", "RentDynamicsCS\RentDynamicsCS.csproj", "{15358AB5-F692-4A00-8C47-228C9D01A546}"
EndProject
Project("{FAE04EC0-301F-11D3-BF4B-00C04F79EFBC}") = "RentDynamicsCS.Tests", "RentDynamicsCS.Tests\RentDynamicsCS.Tests.csproj", "{73EDDC6D-75AF-4C4B-B800-5A30C132A792}"
EndProject
Global
	GlobalSection(SolutionConfigurationPlatforms) = preSolution
		Debug|Any CPU = Debug|Any CPU
		Release|Any CPU = Release|Any CPU
	EndGlobalSection
	GlobalSection(ProjectConfigurationPlatforms) = postSolution
		{15358AB5-F692-4A00-8C47-228C9D01A546}.Debug|Any CPU.ActiveCfg = Debug|Any CPU
		{15358AB5-F692-4A00-8C47-228C9D01A546}.Debug|Any CPU.Build.0 = Debug|Any CPU
		{15358AB5-F692-4A00-8C47-228C9D01A546}.Release|Any CPU.ActiveCfg = Release|Any CPU
		{15358AB5-F692-4A00-8C47-228C9D01A546}.Release|Any CPU.Build.0 = Release|Any CPU
		{73EDDC6D-75AF-4C4B-B800-5A30C132A792}.Debug|Any CPU.ActiveCfg = Debug|Any CPU
		{73EDDC6D-75AF-4C4B-B800-5A30C132A792}.Debug|Any CPU.Build.0 = Debug|Any CPU
		{73EDDC6D-75AF-4C4B-B800-5A30C132A792}.Release|Any CPU.ActiveCfg = Release|Any CPU
		{73EDDC6D-75AF-4C4B-B800-5A30C132A792}.Release|Any CPU.Build.0 = Release|Any CPU
	EndGlobalSection
EndGlobal
